Microsoft Visual Studio Solution File, Format Version 12.00
# Visual Studio 2012
Project("{FAE04EC0-301F-11D3-BF4B-00C04F79EFBC}") = "barista size game", "barista size game.csproj", "{E0453C73-B954-4DDF-9335-7A3617E5A321}"
EndProject
Global
	GlobalSection(SolutionConfigurationPlatforms) = preSolution
	Debug|Any CPU = Debug|Any CPU
	ExportDebug|Any CPU = ExportDebug|Any CPU
	ExportRelease|Any CPU = ExportRelease|Any CPU
	EndGlobalSection
	GlobalSection(ProjectConfigurationPlatforms) = postSolution
		{E0453C73-B954-4DDF-9335-7A3617E5A321}.Debug|Any CPU.ActiveCfg = Debug|Any CPU
		{E0453C73-B954-4DDF-9335-7A3617E5A321}.Debug|Any CPU.Build.0 = Debug|Any CPU
		{E0453C73-B954-4DDF-9335-7A3617E5A321}.ExportDebug|Any CPU.ActiveCfg = ExportDebug|Any CPU
		{E0453C73-B954-4DDF-9335-7A3617E5A321}.ExportDebug|Any CPU.Build.0 = ExportDebug|Any CPU
		{E0453C73-B954-4DDF-9335-7A3617E5A321}.ExportRelease|Any CPU.ActiveCfg = ExportRelease|Any CPU
		{E0453C73-B954-4DDF-9335-7A3617E5A321}.ExportRelease|Any CPU.Build.0 = ExportRelease|Any CPU
	EndGlobalSection
EndGlobal
